// !$*UTF8*$!
{
	archiveVersion = 1;
	classes = {
	};
	objectVersion = 46;
	objects = {

/* Begin PBXBuildFile section */
		A71D0C451C8F770100B34FA1 /* main.m in Sources */ = {isa = PBXBuildFile; fileRef = A71D0C441C8F770100B34FA1 /* main.m */; };
		A71D0C4D1C8F77A000B34FA1 /* BinaryTreeNode.m in Sources */ = {isa = PBXBuildFile; fileRef = A71D0C4C1C8F77A000B34FA1 /* BinaryTreeNode.m */; };
		A71D0C501C8F7CAD00B34FA1 /* BinarySearchTree.m in Sources */ = {isa = PBXBuildFile; fileRef = A71D0C4F1C8F7CAD00B34FA1 /* BinarySearchTree.m */; };
/* End PBXBuildFile section */

/* Begin PBXCopyFilesBuildPhase section */
		A71D0C3F1C8F770100B34FA1 /* CopyFiles */ = {
			isa = PBXCopyFilesBuildPhase;
			buildActionMask = 2147483647;
			dstPath = /usr/share/man/man1/;
			dstSubfolderSpec = 0;
			files = (
			);
			runOnlyForDeploymentPostprocessing = 1;
		};
/* End PBXCopyFilesBuildPhase section */

/* Begin PBXFileReference section */
		A71D0C411C8F770100B34FA1 /* W1D2BinarySearch */ = {isa = PBXFileReference; explicitFileType = "compiled.mach-o.executable"; includeInIndex = 0; path = W1D2BinarySearch; sourceTree = BUILT_PRODUCTS_DIR; };
		A71D0C441C8F770100B34FA1 /* main.m */ = {isa = PBXFileReference; lastKnownFileType = sourcecode.c.objc; path = main.m; sourceTree = "<group>"; };
		A71D0C4B1C8F77A000B34FA1 /* BinaryTreeNode.h */ = {isa = PBXFileReference; fileEncoding = 4; lastKnownFileType = sourcecode.c.h; path = BinaryTreeNode.h; sourceTree = "<group>"; };
		A71D0C4C1C8F77A000B34FA1 /* BinaryTreeNode.m */ = {isa = PBXFileReference; fileEncoding = 4; lastKnownFileType = sourcecode.c.objc; path = BinaryTreeNode.m; sourceTree = "<group>"; };
		A71D0C4E1C8F7CAD00B34FA1 /* BinarySearchTree.h */ = {isa = PBXFileReference; fileEncoding = 4; lastKnownFileType = sourcecode.c.h; path = BinarySearchTree.h; sourceTree = "<group>"; };
		A71D0C4F1C8F7CAD00B34FA1 /* BinarySearchTree.m */ = {isa = PBXFileReference; fileEncoding = 4; lastKnownFileType = sourcecode.c.objc; path = BinarySearchTree.m; sourceTree = "<group>"; };
/* End PBXFileReference section */

/* Begin PBXFrameworksBuildPhase section */
		A71D0C3E1C8F770100B34FA1 /* Frameworks */ = {
			isa = PBXFrameworksBuildPhase;
			buildActionMask = 2147483647;
			files = (
			);
			runOnlyForDeploymentPostprocessing = 0;
		};
/* End PBXFrameworksBuildPhase section */

/* Begin PBXGroup section */
		A71D0C381C8F770100B34FA1 = {
			isa = PBXGroup;
			children = (
				A71D0C431C8F770100B34FA1 /* W1D2BinarySearch */,
				A71D0C421C8F770100B34FA1 /* Products */,
			);
			sourceTree = "<group>";
		};
		A71D0C421C8F770100B34FA1 /* Products */ = {
			isa = PBXGroup;
			children = (
				A71D0C411C8F770100B34FA1 /* W1D2BinarySearch */,
			);
			name = Products;
			sourceTree = "<group>";
		};
		A71D0C431C8F770100B34FA1 /* W1D2BinarySearch */ = {
			isa = PBXGroup;
			children = (
				A71D0C441C8F770100B34FA1 /* main.m */,
				A71D0C4B1C8F77A000B34FA1 /* BinaryTreeNode.h */,
				A71D0C4C1C8F77A000B34FA1 /* BinaryTreeNode.m */,
				A71D0C4E1C8F7CAD00B34FA1 /* BinarySearchTree.h */,
				A71D0C4F1C8F7CAD00B34FA1 /* BinarySearchTree.m */,
			);
			path = W1D2BinarySearch;
			sourceTree = "<group>";
		};
/* End PBXGroup section */

/* Begin PBXNativeTarget section */
		A71D0C401C8F770100B34FA1 /* W1D2BinarySearch */ = {
			isa = PBXNativeTarget;
			buildConfigurationList = A71D0C481C8F770100B34FA1 /* Build configuration list for PBXNativeTarget "W1D2BinarySearch" */;
			buildPhases = (
				A71D0C3D1C8F770100B34FA1 /* Sources */,
				A71D0C3E1C8F770100B34FA1 /* Frameworks */,
				A71D0C3F1C8F770100B34FA1 /* CopyFiles */,
			);
			buildRules = (
			);
			dependencies = (
			);
			name = W1D2BinarySearch;
			productName = W1D2BinarySearch;
			productReference = A71D0C411C8F770100B34FA1 /* W1D2BinarySearch */;
			productType = "com.apple.product-type.tool";
		};
/* End PBXNativeTarget section */

/* Begin PBXProject section */
		A71D0C391C8F770100B34FA1 /* Project object */ = {
			isa = PBXProject;
			attributes = {
				LastUpgradeCheck = 0720;
				ORGANIZATIONNAME = AccessIT;
				TargetAttributes = {
					A71D0C401C8F770100B34FA1 = {
						CreatedOnToolsVersion = 7.2.1;
					};
				};
			};
			buildConfigurationList = A71D0C3C1C8F770100B34FA1 /* Build configuration list for PBXProject "W1D2BinarySearch" */;
			compatibilityVersion = "Xcode 3.2";
			developmentRegion = English;
			hasScannedForEncodings = 0;
			knownRegions = (
				en,
			);
			mainGroup = A71D0C381C8F770100B34FA1;
			productRefGroup = A71D0C421C8F770100B34FA1 /* Products */;
			projectDirPath = "";
			projectRoot = "";
			targets = (
				A71D0C401C8F770100B34FA1 /* W1D2BinarySearch */,
			);
		};
/* End PBXProject section */

/* Begin PBXSourcesBuildPhase section */
		A71D0C3D1C8F770100B34FA1 /* Sources */ = {
			isa = PBXSourcesBuildPhase;
			buildActionMask = 2147483647;
			files = (
				A71D0C4D1C8F77A000B34FA1 /* BinaryTreeNode.m in Sources */,
				A71D0C501C8F7CAD00B34FA1 /* BinarySearchTree.m in Sources */,
				A71D0C451C8F770100B34FA1 /* main.m in Sources */,
			);
			runOnlyForDeploymentPostprocessing = 0;
		};
/* End PBXSourcesBuildPhase section */

/* Begin XCBuildConfiguration section */
		A71D0C461C8F770100B34FA1 /* Debug */ = {
			isa = XCBuildConfiguration;
			buildSettings = {
				ALWAYS_SEARCH_USER_PATHS = NO;
				CLANG_CXX_LANGUAGE_STANDARD = "gnu++0x";
				CLANG_CXX_LIBRARY = "libc++";
				CLANG_ENABLE_MODULES = YES;
				CLANG_ENABLE_OBJC_ARC = YES;
				CLANG_WARN_BOOL_CONVERSION = YES;
				CLANG_WARN_CONSTANT_CONVERSION = YES;
				CLANG_WARN_DIRECT_OBJC_ISA_USAGE = YES_ERROR;
				CLANG_WARN_EMPTY_BODY = YES;
				CLANG_WARN_ENUM_CONVERSION = YES;
				CLANG_WARN_INT_CONVERSION = YES;
				CLANG_WARN_OBJC_ROOT_CLASS = YES_ERROR;
				CLANG_WARN_UNREACHABLE_CODE = YES;
				CLANG_WARN__DUPLICATE_METHOD_MATCH = YES;
				CODE_SIGN_IDENTITY = "-";
				COPY_PHASE_STRIP = NO;
				DEBUG_INFORMATION_FORMAT = dwarf;
				ENABLE_STRICT_OBJC_MSGSEND = YES;
				ENABLE_TESTABILITY = YES;
				GCC_C_LANGUAGE_STANDARD = gnu99;
				GCC_DYNAMIC_NO_PIC = NO;
				GCC_NO_COMMON_BLOCKS = YES;
				GCC_OPTIMIZATION_LEVEL = 0;
				GCC_PREPROCESSOR_DEFINITIONS = (
					"DEBUG=1",
					"$(inherited)",
				);
				GCC_WARN_64_TO_32_BIT_CONVERSION = YES;
				GCC_WARN_ABOUT_RETURN_TYPE = YES_ERROR;
				GCC_WARN_UNDECLARED_SELECTOR = YES;
				GCC_WARN_UNINITIALIZED_AUTOS = YES_AGGRESSIVE;
				GCC_WARN_UNUSED_FUNCTION = YES;
				GCC_WARN_UNUSED_VARIABLE = YES;
				MACOSX_DEPLOYMENT_TARGET = 10.11;
				MTL_ENABLE_DEBUG_INFO = YES;
				ONLY_ACTIVE_ARCH = YES;
				SDKROOT = macosx;
			};
			name = Debug;
		};
		A71D0C471C8F770100B34FA1 /* Release */ = {
			isa = XCBuildConfiguration;
			buildSettings = {
				ALWAYS_SEARCH_USER_PATHS = NO;
				CLANG_CXX_LANGUAGE_STANDARD = "gnu++0x";
				CLANG_CXX_LIBRARY = "libc++";
				CLANG_ENABLE_MODULES = YES;
				CLANG_ENABLE_OBJC_ARC = YES;
				CLANG_WARN_BOOL_CONVERSION = YES;
				CLANG_WARN_CONSTANT_CONVERSION = YES;
				CLANG_WARN_DIRECT_OBJC_ISA_USAGE = YES_ERROR;
				CLANG_WARN_EMPTY_BODY = YES;
				CLANG_WARN_ENUM_CONVERSION = YES;
				CLANG_WARN_INT_CONVERSION = YES;
				CLANG_WARN_OBJC_ROOT_CLASS = YES_ERROR;
				CLANG_WARN_UNREACHABLE_CODE = YES;
				CLANG_WARN__DUPLICATE_METHOD_MATCH = YES;
				CODE_SIGN_IDENTITY = "-";
				COPY_PHASE_STRIP = NO;
				DEBUG_INFORMATION_FORMAT = "dwarf-with-dsym";
				ENABLE_NS_ASSERTIONS = NO;
				ENABLE_STRICT_OBJC_MSGSEND = YES;
				GCC_C_LANGUAGE_STANDARD = gnu99;
				GCC_NO_COMMON_BLOCKS = YES;
				GCC_WARN_64_TO_32_BIT_CONVERSION = YES;
				GCC_WARN_ABOUT_RETURN_TYPE = YES_ERROR;
				GCC_WARN_UNDECLARED_SELECTOR = YES;
				GCC_WARN_UNINITIALIZED_AUTOS = YES_AGGRESSIVE;
				GCC_WARN_UNUSED_FUNCTION = YES;
				GCC_WARN_UNUSED_VARIABLE = YES;
				MACOSX_DEPLOYMENT_TARGET = 10.11;
				MTL_ENABLE_DEBUG_INFO = NO;
				SDKROOT = macosx;
			};
			name = Release;
		};
		A71D0C491C8F770100B34FA1 /* Debug */ = {
			isa = XCBuildConfiguration;
			buildSettings = {
				PRODUCT_NAME = "$(TARGET_NAME)";
			};
			name = Debug;
		};
		A71D0C4A1C8F770100B34FA1 /* Release */ = {
			isa = XCBuildConfiguration;
			buildSettings = {
				PRODUCT_NAME = "$(TARGET_NAME)";
			};
			name = Release;
		};
/* End XCBuildConfiguration section */

/* Begin XCConfigurationList section */
		A71D0C3C1C8F770100B34FA1 /* Build configuration list for PBXProject "W1D2BinarySearch" */ = {
			isa = XCConfigurationList;
			buildConfigurations = (
				A71D0C461C8F770100B34FA1 /* Debug */,
				A71D0C471C8F770100B34FA1 /* Release */,
			);
			defaultConfigurationIsVisible = 0;
			defaultConfigurationName = Release;
		};
		A71D0C481C8F770100B34FA1 /* Build configuration list for PBXNativeTarget "W1D2BinarySearch" */ = {
			isa = XCConfigurationList;
			buildConfigurations = (
				A71D0C491C8F770100B34FA1 /* Debug */,
				A71D0C4A1C8F770100B34FA1 /* Release */,
			);
			defaultConfigurationIsVisible = 0;
		};
/* End XCConfigurationList section */
	};
	rootObject = A71D0C391C8F770100B34FA1 /* Project object */;
}
